
Microsoft Visual Studio Solution File, Format Version 12.00
# Visual Studio Version 17
VisualStudioVersion = 17.4.33110.190
MinimumVisualStudioVersion = 10.0.40219.1
Project("{FAE04EC0-301F-11D3-BF4B-00C04F79EFBC}") = "lab7", "lab7\lab7.csproj", "{615563EF-95FB-4AF5-8FEF-B367C5707204}"
EndProject
Global
	GlobalSection(SolutionConfigurationPlatforms) = preSolution
		Debug|Any CPU = Debug|Any CPU
		Release|Any CPU = Release|Any CPU
	EndGlobalSection
	GlobalSection(ProjectConfigurationPlatforms) = postSolution
		{615563EF-95FB-4AF5-8FEF-B367C5707204}.Debug|Any CPU.ActiveCfg = Debug|Any CPU
		{615563EF-95FB-4AF5-8FEF-B367C5707204}.Debug|Any CPU.Build.0 = Debug|Any CPU
		{615563EF-95FB-4AF5-8FEF-B367C5707204}.Release|Any CPU.ActiveCfg = Release|Any CPU
		{615563EF-95FB-4AF5-8FEF-B367C5707204}.Release|Any CPU.Build.0 = Release|Any CPU
	EndGlobalSection
	GlobalSection(SolutionProperties) = preSolution
		HideSolutionNode = FALSE
	EndGlobalSection
	GlobalSection(ExtensibilityGlobals) = postSolution
		SolutionGuid = {6870B930-1C22-4BE5-81F9-E8B3FC308423}
	EndGlobalSection
EndGlobal
